
Microsoft Visual Studio Solution File, Format Version 12.00
# Visual Studio Version 17
VisualStudioVersion = 17.11.35327.3
MinimumVisualStudioVersion = 10.0.40219.1
Project("{9A19103F-16F7-4668-BE54-9A1E7A4F7556}") = "BookStore.Web", "BookStore.Web\BookStore.Web.csproj", "{1D6D42D7-03D3-4EE7-8E40-66E67B43633C}"
EndProject
Project("{9A19103F-16F7-4668-BE54-9A1E7A4F7556}") = "BookStore.DataAccess", "BookStore.DataAccess\BookStore.DataAccess.csproj", "{05D29E13-C6DC-47C6-9749-617238EFD80F}"
EndProject
Project("{9A19103F-16F7-4668-BE54-9A1E7A4F7556}") = "BookStore.BusinessLogic", "BookStore.BusinessLogic\BookStore.BusinessLogic.csproj", "{8317D8C6-C245-4489-AEBC-8A0984064AC5}"
EndProject
Project("{9A19103F-16F7-4668-BE54-9A1E7A4F7556}") = "BookStore.Utilties", "BookStore.Utilties\BookStore.Utilties.csproj", "{48632005-E2CF-481E-B28C-E9E6D88E8509}"
EndProject
Project("{9A19103F-16F7-4668-BE54-9A1E7A4F7556}") = "BookStore.Models", "BookStore.Models\BookStore.Models.csproj", "{93DD5371-1A5D-46A0-BAD8-3AB07457F0C7}"
EndProject
Project("{FAE04EC0-301F-11D3-BF4B-00C04F79EFBC}") = "ConsoleApp1", "ConsoleApp1\ConsoleApp1.csproj", "{3AABA7D8-13EE-4FD7-8CCC-D66293E0CBF4}"
EndProject
Project("{FAE04EC0-301F-11D3-BF4B-00C04F79EFBC}") = "Testing", "Testing\Testing.csproj", "{4FCACB05-5D8D-4BD4-B5DB-D790E41229A7}"
EndProject
Global
	GlobalSection(SolutionConfigurationPlatforms) = preSolution
		Debug|Any CPU = Debug|Any CPU
		Release|Any CPU = Release|Any CPU
	EndGlobalSection
	GlobalSection(ProjectConfigurationPlatforms) = postSolution
		{1D6D42D7-03D3-4EE7-8E40-66E67B43633C}.Debug|Any CPU.ActiveCfg = Debug|Any CPU
		{1D6D42D7-03D3-4EE7-8E40-66E67B43633C}.Debug|Any CPU.Build.0 = Debug|Any CPU
		{1D6D42D7-03D3-4EE7-8E40-66E67B43633C}.Release|Any CPU.ActiveCfg = Release|Any CPU
		{1D6D42D7-03D3-4EE7-8E40-66E67B43633C}.Release|Any CPU.Build.0 = Release|Any CPU
		{05D29E13-C6DC-47C6-9749-617238EFD80F}.Debug|Any CPU.ActiveCfg = Debug|Any CPU
		{05D29E13-C6DC-47C6-9749-617238EFD80F}.Debug|Any CPU.Build.0 = Debug|Any CPU
		{05D29E13-C6DC-47C6-9749-617238EFD80F}.Release|Any CPU.ActiveCfg = Release|Any CPU
		{05D29E13-C6DC-47C6-9749-617238EFD80F}.Release|Any CPU.Build.0 = Release|Any CPU
		{8317D8C6-C245-4489-AEBC-8A0984064AC5}.Debug|Any CPU.ActiveCfg = Debug|Any CPU
		{8317D8C6-C245-4489-AEBC-8A0984064AC5}.Debug|Any CPU.Build.0 = Debug|Any CPU
		{8317D8C6-C245-4489-AEBC-8A0984064AC5}.Release|Any CPU.ActiveCfg = Release|Any CPU
		{8317D8C6-C245-4489-AEBC-8A0984064AC5}.Release|Any CPU.Build.0 = Release|Any CPU
		{48632005-E2CF-481E-B28C-E9E6D88E8509}.Debug|Any CPU.ActiveCfg = Debug|Any CPU
		{48632005-E2CF-481E-B28C-E9E6D88E8509}.Debug|Any CPU.Build.0 = Debug|Any CPU
		{48632005-E2CF-481E-B28C-E9E6D88E8509}.Release|Any CPU.ActiveCfg = Release|Any CPU
		{48632005-E2CF-481E-B28C-E9E6D88E8509}.Release|Any CPU.Build.0 = Release|Any CPU
		{93DD5371-1A5D-46A0-BAD8-3AB07457F0C7}.Debug|Any CPU.ActiveCfg = Debug|Any CPU
		{93DD5371-1A5D-46A0-BAD8-3AB07457F0C7}.Debug|Any CPU.Build.0 = Debug|Any CPU
		{93DD5371-1A5D-46A0-BAD8-3AB07457F0C7}.Release|Any CPU.ActiveCfg = Release|Any CPU
		{93DD5371-1A5D-46A0-BAD8-3AB07457F0C7}.Release|Any CPU.Build.0 = Release|Any CPU
<<<<<<< HEAD
		{3AABA7D8-13EE-4FD7-8CCC-D66293E0CBF4}.Debug|Any CPU.ActiveCfg = Debug|Any CPU
		{3AABA7D8-13EE-4FD7-8CCC-D66293E0CBF4}.Debug|Any CPU.Build.0 = Debug|Any CPU
		{3AABA7D8-13EE-4FD7-8CCC-D66293E0CBF4}.Release|Any CPU.ActiveCfg = Release|Any CPU
		{3AABA7D8-13EE-4FD7-8CCC-D66293E0CBF4}.Release|Any CPU.Build.0 = Release|Any CPU
=======
		{4FCACB05-5D8D-4BD4-B5DB-D790E41229A7}.Debug|Any CPU.ActiveCfg = Debug|Any CPU
		{4FCACB05-5D8D-4BD4-B5DB-D790E41229A7}.Debug|Any CPU.Build.0 = Debug|Any CPU
		{4FCACB05-5D8D-4BD4-B5DB-D790E41229A7}.Release|Any CPU.ActiveCfg = Release|Any CPU
		{4FCACB05-5D8D-4BD4-B5DB-D790E41229A7}.Release|Any CPU.Build.0 = Release|Any CPU
>>>>>>> 0103c33b0fec260f1d253fb84b7d3afc7dc963bf
	EndGlobalSection
	GlobalSection(SolutionProperties) = preSolution
		HideSolutionNode = FALSE
	EndGlobalSection
	GlobalSection(ExtensibilityGlobals) = postSolution
		SolutionGuid = {09DDB94D-BF9B-44D2-93BA-4CF97CE953BB}
	EndGlobalSection
EndGlobal
